{
  "nodes": {
    "caelestia-cli": {
      "inputs": {
        "caelestia-shell": [
          "caelestia-shell"
        ],
        "nixpkgs": [
          "caelestia-shell",
          "nixpkgs"
        ]
      },
      "locked": {
        "lastModified": 1787985728,
        "narHash": "sha256-qKYq/NmpxLKn2ZcxNUGx7PgVlmxW833xKZ3Hngvvnro=",
        "owner": "caelestia-dots",
        "repo": "cli",
        "rev": "56f404c61dff30d698961780aefcf48bd4dd7b86",
        "type": "github"
      },
      "original": {
        "owner": "caelestia-dots",
        "repo": "cli",
        "type": "github"
      }
    },
    "caelestia-shell": {
      "inputs": {
        "caelestia-cli": "caelestia-cli",
        "m3shapes": "m3shapes",
        "nixpkgs": [
          "nixpkgs"
        ],
        "quickshell": "quickshell"
      },
      "locked": {
        "lastModified": 1788247772,
        "narHash": "sha256-KJtxaK9Ws9DimBKdrZFs3iHjUHF/V1WviJx5A2zk86c=",
        "owner": "caelestia-dots",
        "repo": "shell",
        "rev": "065dac2957a1f31bd2d2f029cabb96f69921f72b",
        "type": "github"
      },
      "original": {
        "owner": "caelestia-dots",
        "repo": "shell",
        "type": "github"
      }
    },
    "disko": {
      "inputs": {
        "nixpkgs": [
          "nixpkgs"
        ]
      },
      "locked": {
        "lastModified": 1781152676,
        "narHash": "sha256-RxWs5ND31KzTG7wvMM+PMfUjyNpmIEr999lqNARaM5o=",
        "owner": "nix-community",
        "repo": "disko",
        "rev": "ff8702b4de27f72b4c78573dfb89ec74e36abdf1",
        "type": "github"
      },
      "original": {
        "owner": "nix-community",
        "repo": "disko",
        "type": "github"
      }
    },
    "flake-compat": {
      "flake": false,
      "locked": {
        "lastModified": 1777699697,
        "narHash": "sha256-Eg9b/rq/ECYwNwEXs5i9wHyhxNI0JrYx2srdI2uZMaQ=",
        "ref": "refs/heads/main",
        "rev": "382052b74656a369c5408822af3f2501e9b1af81",
        "revCount": 94,
        "type": "git",
        "url": "https://git.lix.systems/lix-project/flake-compat.git"
      },
      "original": {
        "type": "git",
        "url": "https://git.lix.systems/lix-project/flake-compat.git"
      }
    },
    "flake-parts": {
      "inputs": {
        "nixpkgs-lib": "nixpkgs-lib"
      },
      "locked": {
        "lastModified": 1788306937,
        "narHash": "sha256-lbrI1UYVpFgKSsyrU9oeF7FHfnu8nLD9ja0ou9f2rxk=",
        "owner": "hercules-ci",
        "repo": "flake-parts",
        "rev": "f16b25b8c3d2809b87925d0b76652d7821a75c68",
        "type": "github"
      },
      "original": {
        "owner": "hercules-ci",
        "repo": "flake-parts",
        "type": "github"
      }
    },
    "home-manager": {
      "inputs": {
        "nixpkgs": [
          "nixpkgs"
        ]
      },
      "locked": {
        "lastModified": 1788317453,
        "narHash": "sha256-BTVJDWIuGa5ffxQEG5WujOOm3eXPw3gZX42Wvm32gb8=",
        "owner": "nix-community",
        "repo": "home-manager",
        "rev": "b8350fcdf54ccf553e46408053b1ac5b7038c18b",
        "type": "github"
      },
      "original": {
        "owner": "nix-community",
        "repo": "home-manager",
        "type": "github"
      }
    },
    "import-tree": {
      "locked": {
        "lastModified": 1788275959,
        "narHash": "sha256-doeyg/EY8joBaZhELfVrSGjAm6pFtp2p0UgQv/Wwgh0=",
        "owner": "vic",
        "repo": "import-tree",
        "rev": "e9177dd0d600162a6410ea6019c796cff7a636c3",
        "type": "github"
      },
      "original": {
        "owner": "vic",
        "repo": "import-tree",
        "type": "github"
      }
    },
    "lucidglyph": {
      "flake": false,
      "locked": {
        "lastModified": 1784564672,
        "narHash": "sha256-ZfyCyzyhqsR5jJzAdCvHqEeDwKRxbFOFoNRPvRjkpz4=",
        "owner": "maximilionus",
        "repo": "lucidglyph",
        "rev": "0d5f68f92110bb91a38a6e5ba70b768a1a62040c",
        "type": "github"
      },
      "original": {
        "owner": "maximilionus",
        "repo": "lucidglyph",
        "type": "github"
      }
    },
    "m3shapes": {
      "inputs": {
        "nixpkgs": [
          "caelestia-shell",
          "nixpkgs"
        ]
      },
      "locked": {
        "lastModified": 1787906858,
        "narHash": "sha256-YZelgEZflFNwGutX4/tIzBdbOeghJgE2oDw0uWYGxns=",
        "owner": "soramanew",
        "repo": "m3shapes",
        "rev": "32ad9ce328bb77ed349b40a3be10ee9ea610b8ab",
        "type": "github"
      },
      "original": {
        "owner": "soramanew",
        "repo": "m3shapes",
        "rev": "32ad9ce328bb77ed349b40a3be10ee9ea610b8ab",
        "type": "github"
      }
    },
    "mnw": {
      "locked": {
        "lastModified": 1780772958,
        "narHash": "sha256-VKKe8r4pwCGWZ3Yr9CPN129R4S3CKLSrlYqdYz3vKpM=",
        "owner": "Gerg-L",
        "repo": "mnw",
        "rev": "0871dbf63a53610c95db04439ed8ea4d6ec9c160",
        "type": "github"
      },
      "original": {
        "owner": "Gerg-L",
        "repo": "mnw",
        "type": "github"
      }
    },
    "nixpkgs": {
      "locked": {
        "lastModified": 1788179007,
        "narHash": "sha256-hn1oU2rue2SYK8dAr8+WNZWtbsz1S2W5mnHlSEuh3bo=",
        "owner": "nixos",
        "repo": "nixpkgs",
        "rev": "34ab99075ac4f7e40cf037eef32cb1c360bb85e9",
        "type": "github"
      },
      "original": {
        "owner": "nixos",
        "ref": "nixos-unstable",
        "repo": "nixpkgs",
        "type": "github"
      }
    },
    "nixpkgs-lib": {
      "locked": {
        "lastModified": 1788057806,
        "narHash": "sha256-DTQSMxzDWmT0zhguthvegnVkn7CFqGCv4IHCzk5ZUpM=",
        "owner": "nix-community",
        "repo": "nixpkgs.lib",
        "rev": "596e2e3940e09b2abbeb03f75fa1828c57fcd72c",
        "type": "github"
      },
      "original": {
        "owner": "nix-community",
        "repo": "nixpkgs.lib",
        "type": "github"
      }
    },
    "noctalia": {
      "inputs": {
        "nixpkgs": [
          "nixpkgs"
        ]
      },
      "locked": {
        "lastModified": 1788318039,
        "narHash": "sha256-U9TRtp2Qu/k7jKmSckg46BQZ8V463ckqjOiWT3D+/jo=",
        "owner": "noctalia-dev",
        "repo": "noctalia",
        "rev": "2314bbb7b30ed7c6d2495ae5801817690777c4f1",
        "type": "github"
      },
      "original": {
        "owner": "noctalia-dev",
        "repo": "noctalia",
        "type": "github"
      }
    },
    "noctalia-greeter": {
      "inputs": {
        "nixpkgs": [
          "nixpkgs"
        ]
      },
      "locked": {
        "lastModified": 1788336398,
        "narHash": "sha256-1ZdtgBwndNHDltX8J7DLLl2/LBgywQhmt1JNcanfeMA=",
        "owner": "noctalia-dev",
        "repo": "noctalia-greeter",
        "rev": "6379fe287bb02b0bb538ad155fe18b1bf8615daf",
        "type": "github"
      },
      "original": {
        "owner": "noctalia-dev",
        "repo": "noctalia-greeter",
        "type": "github"
      }
    },
    "nvf": {
      "inputs": {
        "flake-compat": "flake-compat",
        "mnw": "mnw",
        "nixpkgs": [
          "nixpkgs"
        ]
      },
      "locked": {
        "lastModified": 1788115442,
        "narHash": "sha256-hpEx9BvlTtnONKZK/GAdVtQriW14x0ec+Ir5uafNPYY=",
        "owner": "notashelf",
        "repo": "nvf",
        "rev": "f33afa7a878cfac9bebab42d8eccc7680c389cd6",
        "type": "github"
      },
      "original": {
        "owner": "notashelf",
        "repo": "nvf",
        "type": "github"
      }
    },
    "opends5": {
      "inputs": {
        "nixpkgs": [
          "nixpkgs"
        ]
      },
      "locked": {
        "lastModified": 1785837791,
        "narHash": "sha256-taw9qpTJI9mylEboPoEYRJxpyR+dxCbHO4YfPZ7fC2w=",
        "owner": "LordVicky",
        "repo": "OpenDS5",
        "rev": "d8476a5cb8d57f500068e29741f84e0e6a803abe",
        "type": "github"
      },
      "original": {
        "owner": "LordVicky",
        "ref": "dev",
        "repo": "OpenDS5",
        "type": "github"
      }
    },
    "quickshell": {
      "inputs": {
        "nixpkgs": [
          "caelestia-shell",
          "nixpkgs"
        ]
      },
      "locked": {
        "lastModified": 1787994703,
        "narHash": "sha256-6SUZyyALo19heYPa/Xmu2H4zV+wvdfVX4fTcqbgHRnI=",
        "ref": "refs/heads/master",
        "rev": "2d3b3e9c70ef380dff751b61d334dc88df016c29",
        "revCount": 856,
        "type": "git",
        "url": "https://git.outfoxxed.me/outfoxxed/quickshell"
      },
      "original": {
        "type": "git",
        "url": "https://git.outfoxxed.me/outfoxxed/quickshell"
      }
    },
    "root": {
      "inputs": {
        "caelestia-shell": "caelestia-shell",
        "disko": "disko",
        "flake-parts": "flake-parts",
        "home-manager": "home-manager",
        "import-tree": "import-tree",
        "lucidglyph": "lucidglyph",
        "nixpkgs": "nixpkgs",
        "noctalia": "noctalia",
        "noctalia-greeter": "noctalia-greeter",
        "nvf": "nvf",
        "opends5": "opends5",
        "sops-nix": "sops-nix",
        "spicetify-nix": "spicetify-nix",
        "zenBrowser": "zenBrowser"
      }
    },
    "sops-nix": {
      "inputs": {
        "nixpkgs": [
          "nixpkgs"
        ]
      },
      "locked": {
        "lastModified": 1788337237,
        "narHash": "sha256-gkSH8VUtCo6hnysNmb9DbTuDepH2t5pv+QWjP75xKAk=",
        "owner": "Mic92",
        "repo": "sops-nix",
        "rev": "fbf759290e0cb0a98dfc813a4eb7d53ad1dacb57",
        "type": "github"
      },
      "original": {
        "owner": "Mic92",
        "repo": "sops-nix",
        "type": "github"
      }
    },
    "spicetify-nix": {
      "inputs": {
        "nixpkgs": [
          "nixpkgs"
        ],
        "systems": "systems"
      },
      "locked": {
        "lastModified": 1788263070,
        "narHash": "sha256-Mw163zYcjr59hB2JMC1iKU1Y69SNKZ2r/haXZ07UWQY=",
        "owner": "Gerg-L",
        "repo": "spicetify-nix",
        "rev": "27ff19b00338052e8a504e1d1a34efad82c4bb26",
        "type": "github"
      },
      "original": {
        "owner": "Gerg-L",
        "repo": "spicetify-nix",
        "type": "github"
      }
    },
    "systems": {
      "locked": {
        "lastModified": 1681028828,
        "narHash": "sha256-Vy1rq5AaRuLzOxct8nz4T6wlgyUR7zLU309k9mBC768=",
        "owner": "nix-systems",
        "repo": "default",
        "rev": "da67096a3b9bf56a91d16901293e51ba5b49a27e",
        "type": "github"
      },
      "original": {
        "owner": "nix-systems",
        "repo": "default",
        "type": "github"
      }
    },
    "zenBrowser": {
      "inputs": {
        "nixpkgs": [
          "nixpkgs"
        ]
      },
      "locked": {
        "lastModified": 1788083005,
        "narHash": "sha256-e6U3sXUlu/QzZyJp/+ymW8s57Jbdb7bwT9+WaTAhHfQ=",
        "owner": "youwen5",
        "repo": "zen-browser-flake",
        "rev": "afbbbef7c3c00f160f4a9dfdd8c6c6b8b089a33f",
        "type": "github"
      },
      "original": {
        "owner": "youwen5",
        "repo": "zen-browser-flake",
        "type": "github"
      }
    }
  },
  "root": "root",
  "version": 7
}
